
Microsoft Visual Studio Solution File, Format Version 12.00
# Visual Studio Version 17
VisualStudioVersion = 17.8.34408.163
MinimumVisualStudioVersion = 10.0.40219.1
Project("{FAE04EC0-301F-11D3-BF4B-00C04F79EFBC}") = "databaseostapp", "databaseostapp\databaseostapp.csproj", "{8CDA7018-3709-4AD3-A01D-38FAFBA732EC}"
EndProject
Project("{2150E333-8FDC-42A3-9474-1A3956D46DE8}") = "Solution Items", "Solution Items", "{76FAE656-27D8-4660-A722-7C4CC804F383}"
EndProject
Global
	GlobalSection(SolutionConfigurationPlatforms) = preSolution
		Debug|Any CPU = Debug|Any CPU
		Release|Any CPU = Release|Any CPU
	EndGlobalSection
	GlobalSection(ProjectConfigurationPlatforms) = postSolution
		{8CDA7018-3709-4AD3-A01D-38FAFBA732EC}.Debug|Any CPU.ActiveCfg = Debug|Any CPU
		{8CDA7018-3709-4AD3-A01D-38FAFBA732EC}.Debug|Any CPU.Build.0 = Debug|Any CPU
		{8CDA7018-3709-4AD3-A01D-38FAFBA732EC}.Release|Any CPU.ActiveCfg = Release|Any CPU
		{8CDA7018-3709-4AD3-A01D-38FAFBA732EC}.Release|Any CPU.Build.0 = Release|Any CPU
	EndGlobalSection
	GlobalSection(SolutionProperties) = preSolution
		HideSolutionNode = FALSE
	EndGlobalSection
	GlobalSection(ExtensibilityGlobals) = postSolution
		SolutionGuid = {E8767DE9-E716-44D9-83BB-CFABD7F1E081}
	EndGlobalSection
EndGlobal
